
Microsoft Visual Studio Solution File, Format Version 12.00
# Visual Studio Version 17
VisualStudioVersion = 17.9.34723.18
MinimumVisualStudioVersion = 10.0.40219.1
Project("{FAE04EC0-301F-11D3-BF4B-00C04F79EFBC}") = "Contract Monthly Claim System (CMCS)", "Contract Monthly Claim System (CMCS).csproj", "{07786600-D8AC-4847-AA18-575DC8D6BF57}"
EndProject
Global
	GlobalSection(SolutionConfigurationPlatforms) = preSolution
		Debug|Any CPU = Debug|Any CPU
		Release|Any CPU = Release|Any CPU
	EndGlobalSection
	GlobalSection(ProjectConfigurationPlatforms) = postSolution
		{07786600-D8AC-4847-AA18-575DC8D6BF57}.Debug|Any CPU.ActiveCfg = Debug|Any CPU
		{07786600-D8AC-4847-AA18-575DC8D6BF57}.Debug|Any CPU.Build.0 = Debug|Any CPU
		{07786600-D8AC-4847-AA18-575DC8D6BF57}.Release|Any CPU.ActiveCfg = Release|Any CPU
		{07786600-D8AC-4847-AA18-575DC8D6BF57}.Release|Any CPU.Build.0 = Release|Any CPU
	EndGlobalSection
	GlobalSection(SolutionProperties) = preSolution
		HideSolutionNode = FALSE
	EndGlobalSection
	GlobalSection(ExtensibilityGlobals) = postSolution
		SolutionGuid = {9FAF6E2C-AA90-4509-B04B-62BAC4813206}
	EndGlobalSection
EndGlobal
